
Microsoft Visual Studio Solution File, Format Version 12.00
# Visual Studio Version 17
VisualStudioVersion = 17.1.32421.90
MinimumVisualStudioVersion = 10.0.40219.1
Project("{2150E333-8FDC-42A3-9474-1A3956D46DE8}") = "Services", "Services", "{DB348757-821A-4A7D-BB9E-EBC3D9ACD421}"
EndProject
Project("{2150E333-8FDC-42A3-9474-1A3956D46DE8}") = "WebApps", "WebApps", "{D753D3D5-52F3-4BBD-9EC3-6101E385147E}"
EndProject
Project("{2150E333-8FDC-42A3-9474-1A3956D46DE8}") = "Cadastros", "Cadastros", "{79344780-0CF7-4ED9-AC9F-BBF2B3F16C81}"
EndProject
Project("{2150E333-8FDC-42A3-9474-1A3956D46DE8}") = "Catalogo", "Catalogo", "{900870E0-7FDB-486F-A691-618761559BEC}"
EndProject
Project("{2150E333-8FDC-42A3-9474-1A3956D46DE8}") = "Core", "Core", "{B0EBA3D8-4FB7-4A7F-B5E5-EE3076AEAEC0}"
EndProject
Project("{2150E333-8FDC-42A3-9474-1A3956D46DE8}") = "Fiscal", "Fiscal", "{588945AC-4A6B-4A81-87E6-9822C7709560}"
EndProject
Project("{2150E333-8FDC-42A3-9474-1A3956D46DE8}") = "Pagamentos", "Pagamentos", "{FCD473A1-7F43-4888-A03B-AF34DF20194D}"
EndProject
Project("{2150E333-8FDC-42A3-9474-1A3956D46DE8}") = "Vendas", "Vendas", "{74EE5323-7186-4023-B84D-543B03D1C29C}"
EndProject
Project("{9A19103F-16F7-4668-BE54-9A1E7A4F7556}") = "NerdStore.Catalogo.Domain", "src\NerdStore.Catalogo.Domain\NerdStore.Catalogo.Domain.csproj", "{469CA25D-4ACA-43C8-A1E8-A2B9BCC3BCAF}"
EndProject
Project("{9A19103F-16F7-4668-BE54-9A1E7A4F7556}") = "NerdStore.Catalogo.Data", "src\NerdStore.Catalogo.Data\NerdStore.Catalogo.Data.csproj", "{D70DA2B3-5D70-4CA8-9080-01C6E2440AB3}"
EndProject
Project("{9A19103F-16F7-4668-BE54-9A1E7A4F7556}") = "NerdStore.WebApp.MVC", "src\NerdStore.WebApp.MVC\NerdStore.WebApp.MVC.csproj", "{4D089695-1653-466D-B12A-E12706B84FBA}"
EndProject
Project("{9A19103F-16F7-4668-BE54-9A1E7A4F7556}") = "NerdStore.Catalogo.Application", "src\NerdStore.Catalogo.Application\NerdStore.Catalogo.Application.csproj", "{4B0FE00E-2BB2-427A-9FD8-56AAB70B1F72}"
EndProject
Project("{9A19103F-16F7-4668-BE54-9A1E7A4F7556}") = "NerdStore.Core", "src\NerdStore.Core\NerdStore.Core.csproj", "{D3B51BF1-DC04-4824-9BE8-AB3B92AEB33A}"
EndProject
Project("{FAE04EC0-301F-11D3-BF4B-00C04F79EFBC}") = "NerdStore.Vendas.Domain", "src\NerdStore.Vendas.Domain\NerdStore.Vendas.Domain.csproj", "{EFD4E663-1C06-44B0-A7F6-20790D3E7ADC}"
EndProject
Project("{FAE04EC0-301F-11D3-BF4B-00C04F79EFBC}") = "NerdStore.Vendas.Application", "src\NerdStore.Vendas.Application\NerdStore.Vendas.Application.csproj", "{EE09EF62-75F1-43F0-9866-6C3FC12D268C}"
EndProject
Project("{FAE04EC0-301F-11D3-BF4B-00C04F79EFBC}") = "NerdStore.Vendas.Data", "src\NerdStore.Vendas.Data\NerdStore.Vendas.Data.csproj", "{6519252C-3FC9-4F6B-96DC-6FEC50FA1D00}"
EndProject
Global
	GlobalSection(SolutionConfigurationPlatforms) = preSolution
		Debug|Any CPU = Debug|Any CPU
		Release|Any CPU = Release|Any CPU
	EndGlobalSection
	GlobalSection(ProjectConfigurationPlatforms) = postSolution
		{469CA25D-4ACA-43C8-A1E8-A2B9BCC3BCAF}.Debug|Any CPU.ActiveCfg = Debug|Any CPU
		{469CA25D-4ACA-43C8-A1E8-A2B9BCC3BCAF}.Debug|Any CPU.Build.0 = Debug|Any CPU
		{469CA25D-4ACA-43C8-A1E8-A2B9BCC3BCAF}.Release|Any CPU.ActiveCfg = Release|Any CPU
		{469CA25D-4ACA-43C8-A1E8-A2B9BCC3BCAF}.Release|Any CPU.Build.0 = Release|Any CPU
		{D70DA2B3-5D70-4CA8-9080-01C6E2440AB3}.Debug|Any CPU.ActiveCfg = Debug|Any CPU
		{D70DA2B3-5D70-4CA8-9080-01C6E2440AB3}.Debug|Any CPU.Build.0 = Debug|Any CPU
		{D70DA2B3-5D70-4CA8-9080-01C6E2440AB3}.Release|Any CPU.ActiveCfg = Release|Any CPU
		{D70DA2B3-5D70-4CA8-9080-01C6E2440AB3}.Release|Any CPU.Build.0 = Release|Any CPU
		{4D089695-1653-466D-B12A-E12706B84FBA}.Debug|Any CPU.ActiveCfg = Debug|Any CPU
		{4D089695-1653-466D-B12A-E12706B84FBA}.Debug|Any CPU.Build.0 = Debug|Any CPU
		{4D089695-1653-466D-B12A-E12706B84FBA}.Release|Any CPU.ActiveCfg = Release|Any CPU
		{4D089695-1653-466D-B12A-E12706B84FBA}.Release|Any CPU.Build.0 = Release|Any CPU
		{4B0FE00E-2BB2-427A-9FD8-56AAB70B1F72}.Debug|Any CPU.ActiveCfg = Debug|Any CPU
		{4B0FE00E-2BB2-427A-9FD8-56AAB70B1F72}.Debug|Any CPU.Build.0 = Debug|Any CPU
		{4B0FE00E-2BB2-427A-9FD8-56AAB70B1F72}.Release|Any CPU.ActiveCfg = Release|Any CPU
		{4B0FE00E-2BB2-427A-9FD8-56AAB70B1F72}.Release|Any CPU.Build.0 = Release|Any CPU
		{D3B51BF1-DC04-4824-9BE8-AB3B92AEB33A}.Debug|Any CPU.ActiveCfg = Debug|Any CPU
		{D3B51BF1-DC04-4824-9BE8-AB3B92AEB33A}.Debug|Any CPU.Build.0 = Debug|Any CPU
		{D3B51BF1-DC04-4824-9BE8-AB3B92AEB33A}.Release|Any CPU.ActiveCfg = Release|Any CPU
		{D3B51BF1-DC04-4824-9BE8-AB3B92AEB33A}.Release|Any CPU.Build.0 = Release|Any CPU
		{EFD4E663-1C06-44B0-A7F6-20790D3E7ADC}.Debug|Any CPU.ActiveCfg = Debug|Any CPU
		{EFD4E663-1C06-44B0-A7F6-20790D3E7ADC}.Debug|Any CPU.Build.0 = Debug|Any CPU
		{EFD4E663-1C06-44B0-A7F6-20790D3E7ADC}.Release|Any CPU.ActiveCfg = Release|Any CPU
		{EFD4E663-1C06-44B0-A7F6-20790D3E7ADC}.Release|Any CPU.Build.0 = Release|Any CPU
		{EE09EF62-75F1-43F0-9866-6C3FC12D268C}.Debug|Any CPU.ActiveCfg = Debug|Any CPU
		{EE09EF62-75F1-43F0-9866-6C3FC12D268C}.Debug|Any CPU.Build.0 = Debug|Any CPU
		{EE09EF62-75F1-43F0-9866-6C3FC12D268C}.Release|Any CPU.ActiveCfg = Release|Any CPU
		{EE09EF62-75F1-43F0-9866-6C3FC12D268C}.Release|Any CPU.Build.0 = Release|Any CPU
		{6519252C-3FC9-4F6B-96DC-6FEC50FA1D00}.Debug|Any CPU.ActiveCfg = Debug|Any CPU
		{6519252C-3FC9-4F6B-96DC-6FEC50FA1D00}.Debug|Any CPU.Build.0 = Debug|Any CPU
		{6519252C-3FC9-4F6B-96DC-6FEC50FA1D00}.Release|Any CPU.ActiveCfg = Release|Any CPU
		{6519252C-3FC9-4F6B-96DC-6FEC50FA1D00}.Release|Any CPU.Build.0 = Release|Any CPU
	EndGlobalSection
	GlobalSection(SolutionProperties) = preSolution
		HideSolutionNode = FALSE
	EndGlobalSection
	GlobalSection(NestedProjects) = preSolution
		{79344780-0CF7-4ED9-AC9F-BBF2B3F16C81} = {DB348757-821A-4A7D-BB9E-EBC3D9ACD421}
		{900870E0-7FDB-486F-A691-618761559BEC} = {DB348757-821A-4A7D-BB9E-EBC3D9ACD421}
		{B0EBA3D8-4FB7-4A7F-B5E5-EE3076AEAEC0} = {DB348757-821A-4A7D-BB9E-EBC3D9ACD421}
		{588945AC-4A6B-4A81-87E6-9822C7709560} = {DB348757-821A-4A7D-BB9E-EBC3D9ACD421}
		{FCD473A1-7F43-4888-A03B-AF34DF20194D} = {DB348757-821A-4A7D-BB9E-EBC3D9ACD421}
		{74EE5323-7186-4023-B84D-543B03D1C29C} = {DB348757-821A-4A7D-BB9E-EBC3D9ACD421}
		{469CA25D-4ACA-43C8-A1E8-A2B9BCC3BCAF} = {900870E0-7FDB-486F-A691-618761559BEC}
		{D70DA2B3-5D70-4CA8-9080-01C6E2440AB3} = {900870E0-7FDB-486F-A691-618761559BEC}
		{4D089695-1653-466D-B12A-E12706B84FBA} = {D753D3D5-52F3-4BBD-9EC3-6101E385147E}
		{4B0FE00E-2BB2-427A-9FD8-56AAB70B1F72} = {900870E0-7FDB-486F-A691-618761559BEC}
		{D3B51BF1-DC04-4824-9BE8-AB3B92AEB33A} = {B0EBA3D8-4FB7-4A7F-B5E5-EE3076AEAEC0}
		{EFD4E663-1C06-44B0-A7F6-20790D3E7ADC} = {74EE5323-7186-4023-B84D-543B03D1C29C}
		{EE09EF62-75F1-43F0-9866-6C3FC12D268C} = {74EE5323-7186-4023-B84D-543B03D1C29C}
		{6519252C-3FC9-4F6B-96DC-6FEC50FA1D00} = {74EE5323-7186-4023-B84D-543B03D1C29C}
	EndGlobalSection
	GlobalSection(ExtensibilityGlobals) = postSolution
		SolutionGuid = {76786E68-F984-4740-B866-BB65FA0EC110}
	EndGlobalSection
EndGlobal
