
Microsoft Visual Studio Solution File, Format Version 12.00
# Visual Studio Version 17
VisualStudioVersion = 17.1.32421.90
MinimumVisualStudioVersion = 10.0.40219.1
Project("{2150E333-8FDC-42A3-9474-1A3956D46DE8}") = "Services", "Services", "{DB348757-821A-4A7D-BB9E-EBC3D9ACD421}"
EndProject
Project("{2150E333-8FDC-42A3-9474-1A3956D46DE8}") = "WebApps", "WebApps", "{D753D3D5-52F3-4BBD-9EC3-6101E385147E}"
EndProject
Project("{2150E333-8FDC-42A3-9474-1A3956D46DE8}") = "Cadastros", "Cadastros", "{79344780-0CF7-4ED9-AC9F-BBF2B3F16C81}"
EndProject
Project("{2150E333-8FDC-42A3-9474-1A3956D46DE8}") = "Catalogo", "Catalogo", "{900870E0-7FDB-486F-A691-618761559BEC}"
EndProject
Project("{2150E333-8FDC-42A3-9474-1A3956D46DE8}") = "Core", "Core", "{B0EBA3D8-4FB7-4A7F-B5E5-EE3076AEAEC0}"
EndProject
Project("{2150E333-8FDC-42A3-9474-1A3956D46DE8}") = "Fiscal", "Fiscal", "{588945AC-4A6B-4A81-87E6-9822C7709560}"
EndProject
Project("{2150E333-8FDC-42A3-9474-1A3956D46DE8}") = "Pagamentos", "Pagamentos", "{FCD473A1-7F43-4888-A03B-AF34DF20194D}"
EndProject
Project("{2150E333-8FDC-42A3-9474-1A3956D46DE8}") = "Vendas", "Vendas", "{74EE5323-7186-4023-B84D-543B03D1C29C}"
EndProject
Project("{9A19103F-16F7-4668-BE54-9A1E7A4F7556}") = "NerdStore.Catalogo.Domain", "src\NerdStore.Catalogo.Domain\NerdStore.Catalogo.Domain.csproj", "{469CA25D-4ACA-43C8-A1E8-A2B9BCC3BCAF}"
EndProject
Project("{9A19103F-16F7-4668-BE54-9A1E7A4F7556}") = "NerdStore.Core", "NerdStore.Core\NerdStore.Core.csproj", "{F97C881B-FDEF-468D-9E7C-4B0EE5188C69}"
EndProject
Project("{FAE04EC0-301F-11D3-BF4B-00C04F79EFBC}") = "NerdStore.Catalogo.Data", "src\NerdStore.Catalogo.Data\NerdStore.Catalogo.Data.csproj", "{D70DA2B3-5D70-4CA8-9080-01C6E2440AB3}"
EndProject
Global
	GlobalSection(SolutionConfigurationPlatforms) = preSolution
		Debug|Any CPU = Debug|Any CPU
		Release|Any CPU = Release|Any CPU
	EndGlobalSection
	GlobalSection(ProjectConfigurationPlatforms) = postSolution
		{469CA25D-4ACA-43C8-A1E8-A2B9BCC3BCAF}.Debug|Any CPU.ActiveCfg = Debug|Any CPU
		{469CA25D-4ACA-43C8-A1E8-A2B9BCC3BCAF}.Debug|Any CPU.Build.0 = Debug|Any CPU
		{469CA25D-4ACA-43C8-A1E8-A2B9BCC3BCAF}.Release|Any CPU.ActiveCfg = Release|Any CPU
		{469CA25D-4ACA-43C8-A1E8-A2B9BCC3BCAF}.Release|Any CPU.Build.0 = Release|Any CPU
		{F97C881B-FDEF-468D-9E7C-4B0EE5188C69}.Debug|Any CPU.ActiveCfg = Debug|Any CPU
		{F97C881B-FDEF-468D-9E7C-4B0EE5188C69}.Debug|Any CPU.Build.0 = Debug|Any CPU
		{F97C881B-FDEF-468D-9E7C-4B0EE5188C69}.Release|Any CPU.ActiveCfg = Release|Any CPU
		{F97C881B-FDEF-468D-9E7C-4B0EE5188C69}.Release|Any CPU.Build.0 = Release|Any CPU
		{D70DA2B3-5D70-4CA8-9080-01C6E2440AB3}.Debug|Any CPU.ActiveCfg = Debug|Any CPU
		{D70DA2B3-5D70-4CA8-9080-01C6E2440AB3}.Debug|Any CPU.Build.0 = Debug|Any CPU
		{D70DA2B3-5D70-4CA8-9080-01C6E2440AB3}.Release|Any CPU.ActiveCfg = Release|Any CPU
		{D70DA2B3-5D70-4CA8-9080-01C6E2440AB3}.Release|Any CPU.Build.0 = Release|Any CPU
	EndGlobalSection
	GlobalSection(SolutionProperties) = preSolution
		HideSolutionNode = FALSE
	EndGlobalSection
	GlobalSection(NestedProjects) = preSolution
		{79344780-0CF7-4ED9-AC9F-BBF2B3F16C81} = {DB348757-821A-4A7D-BB9E-EBC3D9ACD421}
		{900870E0-7FDB-486F-A691-618761559BEC} = {DB348757-821A-4A7D-BB9E-EBC3D9ACD421}
		{B0EBA3D8-4FB7-4A7F-B5E5-EE3076AEAEC0} = {DB348757-821A-4A7D-BB9E-EBC3D9ACD421}
		{588945AC-4A6B-4A81-87E6-9822C7709560} = {DB348757-821A-4A7D-BB9E-EBC3D9ACD421}
		{FCD473A1-7F43-4888-A03B-AF34DF20194D} = {DB348757-821A-4A7D-BB9E-EBC3D9ACD421}
		{74EE5323-7186-4023-B84D-543B03D1C29C} = {DB348757-821A-4A7D-BB9E-EBC3D9ACD421}
		{469CA25D-4ACA-43C8-A1E8-A2B9BCC3BCAF} = {900870E0-7FDB-486F-A691-618761559BEC}
		{F97C881B-FDEF-468D-9E7C-4B0EE5188C69} = {B0EBA3D8-4FB7-4A7F-B5E5-EE3076AEAEC0}
		{D70DA2B3-5D70-4CA8-9080-01C6E2440AB3} = {900870E0-7FDB-486F-A691-618761559BEC}
	EndGlobalSection
	GlobalSection(ExtensibilityGlobals) = postSolution
		SolutionGuid = {76786E68-F984-4740-B866-BB65FA0EC110}
	EndGlobalSection
EndGlobal
